{
  "version": "3",
  "packages": {
    "specifiers": {
      "jsr:@std/async@^0.224.2": "jsr:@std/async@0.224.2"
    },
    "jsr": {
      "@std/async@0.224.2": {
        "integrity": "4d277d6e165df43d5e061ba0ef3edfddb8e8d558f5b920e3e6b1d2614b44d074"
      }
    }
  },
  "remote": {},
  "workspace": {
    "dependencies": [
      "jsr:@std/async@^0.224.2"
    ]
  }
}
